
Microsoft Visual Studio Solution File, Format Version 12.00
# Visual Studio 15
VisualStudioVersion = 15.0.28010.2016
MinimumVisualStudioVersion = 10.0.40219.1
Project("{FAE04EC0-301F-11D3-BF4B-00C04F79EFBC}") = "Minify", "Minify\Minify.csproj", "{4DA26A80-AED4-45D2-BFC1-1C8CF4469DEC}"
EndProject
Global
	GlobalSection(SolutionConfigurationPlatforms) = preSolution
		Debug|Any CPU = Debug|Any CPU
		Release|Any CPU = Release|Any CPU
	EndGlobalSection
	GlobalSection(ProjectConfigurationPlatforms) = postSolution
		{4DA26A80-AED4-45D2-BFC1-1C8CF4469DEC}.Debug|Any CPU.ActiveCfg = Debug|Any CPU
		{4DA26A80-AED4-45D2-BFC1-1C8CF4469DEC}.Debug|Any CPU.Build.0 = Debug|Any CPU
		{4DA26A80-AED4-45D2-BFC1-1C8CF4469DEC}.Release|Any CPU.ActiveCfg = Release|Any CPU
		{4DA26A80-AED4-45D2-BFC1-1C8CF4469DEC}.Release|Any CPU.Build.0 = Release|Any CPU
	EndGlobalSection
	GlobalSection(SolutionProperties) = preSolution
		HideSolutionNode = FALSE
	EndGlobalSection
	GlobalSection(ExtensibilityGlobals) = postSolution
		SolutionGuid = {84F5F0E3-0AD1-42A4-B0FB-BF68564BB61F}
	EndGlobalSection
EndGlobal
